
Microsoft Visual Studio Solution File, Format Version 12.00
# Visual Studio Version 17
VisualStudioVersion = 17.2.32616.157
MinimumVisualStudioVersion = 10.0.40219.1
Project("{2150E333-8FDC-42A3-9474-1A3956D46DE8}") = "Database", "Database", "{47881CB6-96FF-4423-B23D-9E010F35977C}"
EndProject
Project("{9A19103F-16F7-4668-BE54-9A1E7A4F7556}") = "Database.UnitOfWork.Contracts", "Database.UnitOfWork.Contracts\Database.UnitOfWork.Contracts.csproj", "{D9A5646A-DD76-42D4-A554-B1C440C93C1D}"
EndProject
Project("{9A19103F-16F7-4668-BE54-9A1E7A4F7556}") = "Database.UnitOfWork.EF", "Database.UnitOfWork.EF\Database.UnitOfWork.EF.csproj", "{B2087E32-2971-4642-AD5A-6C2E0CA23297}"
EndProject
Project("{9A19103F-16F7-4668-BE54-9A1E7A4F7556}") = "Database.UnitOfWork.EF.DI", "Database.UnitOfWork.EF.DI\Database.UnitOfWork.EF.DI.csproj", "{EAECB148-1EE8-4B42-A1D2-231503F002F8}"
EndProject
Project("{2150E333-8FDC-42A3-9474-1A3956D46DE8}") = "Элементы решения", "Элементы решения", "{6A08BC2B-C8B4-478D-A8FE-AB7E1F48C01E}"
	ProjectSection(SolutionItems) = preProject
		.gitignore = .gitignore
		bitbucket-pipelines.yml = bitbucket-pipelines.yml
		README.md = README.md
	EndProjectSection
EndProject
Project("{2150E333-8FDC-42A3-9474-1A3956D46DE8}") = "EF", "EF", "{5970377D-8542-4736-ADCA-3FB961A86491}"
EndProject
Project("{2150E333-8FDC-42A3-9474-1A3956D46DE8}") = "Dapper", "Dapper", "{28191206-F815-4650-B65D-4264959F2802}"
EndProject
Project("{FAE04EC0-301F-11D3-BF4B-00C04F79EFBC}") = "Database.UnitOfWork.Dapper", "Database.UnitOfWork.Dapper\Database.UnitOfWork.Dapper.csproj", "{9255E0EB-4232-4A5A-BA81-BE3ADADF8808}"
EndProject
Project("{FAE04EC0-301F-11D3-BF4B-00C04F79EFBC}") = "Database.UnitOfWork.Dapper.DI", "Database.UnitOfWork.Dapper.DI\Database.UnitOfWork.Dapper.DI.csproj", "{7878C48D-13F9-4E8E-BF51-FB56A983260E}"
EndProject
Project("{FAE04EC0-301F-11D3-BF4B-00C04F79EFBC}") = "Database.UnitOfWork.Dapper.Test", "Database.UnitOfWork.Dapper.Test\Database.UnitOfWork.Dapper.Test.csproj", "{002EE31D-2994-4885-AF41-C4BB5D2A36B8}"
EndProject
Project("{FAE04EC0-301F-11D3-BF4B-00C04F79EFBC}") = "Database.UnitOfWork.Dapper.Test.Integration", "Database.UnitOfWork.Dapper.Test.Integration\Database.UnitOfWork.Dapper.Test.Integration.csproj", "{738189CB-B3E6-4F49-AFCE-E8B19DCCAFD7}"
EndProject
Global
	GlobalSection(SolutionConfigurationPlatforms) = preSolution
		Debug|Any CPU = Debug|Any CPU
		Release|Any CPU = Release|Any CPU
	EndGlobalSection
	GlobalSection(ProjectConfigurationPlatforms) = postSolution
		{D9A5646A-DD76-42D4-A554-B1C440C93C1D}.Debug|Any CPU.ActiveCfg = Debug|Any CPU
		{D9A5646A-DD76-42D4-A554-B1C440C93C1D}.Debug|Any CPU.Build.0 = Debug|Any CPU
		{D9A5646A-DD76-42D4-A554-B1C440C93C1D}.Release|Any CPU.ActiveCfg = Release|Any CPU
		{D9A5646A-DD76-42D4-A554-B1C440C93C1D}.Release|Any CPU.Build.0 = Release|Any CPU
		{B2087E32-2971-4642-AD5A-6C2E0CA23297}.Debug|Any CPU.ActiveCfg = Debug|Any CPU
		{B2087E32-2971-4642-AD5A-6C2E0CA23297}.Debug|Any CPU.Build.0 = Debug|Any CPU
		{B2087E32-2971-4642-AD5A-6C2E0CA23297}.Release|Any CPU.ActiveCfg = Release|Any CPU
		{B2087E32-2971-4642-AD5A-6C2E0CA23297}.Release|Any CPU.Build.0 = Release|Any CPU
		{EAECB148-1EE8-4B42-A1D2-231503F002F8}.Debug|Any CPU.ActiveCfg = Debug|Any CPU
		{EAECB148-1EE8-4B42-A1D2-231503F002F8}.Debug|Any CPU.Build.0 = Debug|Any CPU
		{EAECB148-1EE8-4B42-A1D2-231503F002F8}.Release|Any CPU.ActiveCfg = Release|Any CPU
		{EAECB148-1EE8-4B42-A1D2-231503F002F8}.Release|Any CPU.Build.0 = Release|Any CPU
		{9255E0EB-4232-4A5A-BA81-BE3ADADF8808}.Debug|Any CPU.ActiveCfg = Debug|Any CPU
		{9255E0EB-4232-4A5A-BA81-BE3ADADF8808}.Debug|Any CPU.Build.0 = Debug|Any CPU
		{9255E0EB-4232-4A5A-BA81-BE3ADADF8808}.Release|Any CPU.ActiveCfg = Release|Any CPU
		{9255E0EB-4232-4A5A-BA81-BE3ADADF8808}.Release|Any CPU.Build.0 = Release|Any CPU
		{7878C48D-13F9-4E8E-BF51-FB56A983260E}.Debug|Any CPU.ActiveCfg = Debug|Any CPU
		{7878C48D-13F9-4E8E-BF51-FB56A983260E}.Debug|Any CPU.Build.0 = Debug|Any CPU
		{7878C48D-13F9-4E8E-BF51-FB56A983260E}.Release|Any CPU.ActiveCfg = Release|Any CPU
		{7878C48D-13F9-4E8E-BF51-FB56A983260E}.Release|Any CPU.Build.0 = Release|Any CPU
		{002EE31D-2994-4885-AF41-C4BB5D2A36B8}.Debug|Any CPU.ActiveCfg = Debug|Any CPU
		{002EE31D-2994-4885-AF41-C4BB5D2A36B8}.Debug|Any CPU.Build.0 = Debug|Any CPU
		{002EE31D-2994-4885-AF41-C4BB5D2A36B8}.Release|Any CPU.ActiveCfg = Release|Any CPU
		{002EE31D-2994-4885-AF41-C4BB5D2A36B8}.Release|Any CPU.Build.0 = Release|Any CPU
		{738189CB-B3E6-4F49-AFCE-E8B19DCCAFD7}.Debug|Any CPU.ActiveCfg = Debug|Any CPU
		{738189CB-B3E6-4F49-AFCE-E8B19DCCAFD7}.Debug|Any CPU.Build.0 = Debug|Any CPU
		{738189CB-B3E6-4F49-AFCE-E8B19DCCAFD7}.Release|Any CPU.ActiveCfg = Release|Any CPU
		{738189CB-B3E6-4F49-AFCE-E8B19DCCAFD7}.Release|Any CPU.Build.0 = Release|Any CPU
	EndGlobalSection
	GlobalSection(SolutionProperties) = preSolution
		HideSolutionNode = FALSE
	EndGlobalSection
	GlobalSection(NestedProjects) = preSolution
		{D9A5646A-DD76-42D4-A554-B1C440C93C1D} = {47881CB6-96FF-4423-B23D-9E010F35977C}
		{B2087E32-2971-4642-AD5A-6C2E0CA23297} = {5970377D-8542-4736-ADCA-3FB961A86491}
		{EAECB148-1EE8-4B42-A1D2-231503F002F8} = {5970377D-8542-4736-ADCA-3FB961A86491}
		{5970377D-8542-4736-ADCA-3FB961A86491} = {47881CB6-96FF-4423-B23D-9E010F35977C}
		{28191206-F815-4650-B65D-4264959F2802} = {47881CB6-96FF-4423-B23D-9E010F35977C}
		{9255E0EB-4232-4A5A-BA81-BE3ADADF8808} = {28191206-F815-4650-B65D-4264959F2802}
		{7878C48D-13F9-4E8E-BF51-FB56A983260E} = {28191206-F815-4650-B65D-4264959F2802}
		{002EE31D-2994-4885-AF41-C4BB5D2A36B8} = {28191206-F815-4650-B65D-4264959F2802}
		{738189CB-B3E6-4F49-AFCE-E8B19DCCAFD7} = {28191206-F815-4650-B65D-4264959F2802}
	EndGlobalSection
	GlobalSection(ExtensibilityGlobals) = postSolution
		SolutionGuid = {05465A90-C933-4211-8178-DD93E2F09347}
	EndGlobalSection
EndGlobal
