
Microsoft Visual Studio Solution File, Format Version 12.00
# Visual Studio Version 17
VisualStudioVersion = 17.2.32616.157
MinimumVisualStudioVersion = 10.0.40219.1
Project("{9A19103F-16F7-4668-BE54-9A1E7A4F7556}") = "Database.UnitOfWork", "Database.UnitOfWork\Database.UnitOfWork.csproj", "{B51D2B32-B9C3-4B87-82CA-6AF945E97941}"
EndProject
Project("{2150E333-8FDC-42A3-9474-1A3956D46DE8}") = "Database", "Database", "{47881CB6-96FF-4423-B23D-9E010F35977C}"
EndProject
Project("{FAE04EC0-301F-11D3-BF4B-00C04F79EFBC}") = "Database.UnitOfWork.Contracts", "Database.UnitOfWork.Contracts\Database.UnitOfWork.Contracts.csproj", "{D9A5646A-DD76-42D4-A554-B1C440C93C1D}"
EndProject
Global
	GlobalSection(SolutionConfigurationPlatforms) = preSolution
		Debug|Any CPU = Debug|Any CPU
		Release|Any CPU = Release|Any CPU
	EndGlobalSection
	GlobalSection(ProjectConfigurationPlatforms) = postSolution
		{B51D2B32-B9C3-4B87-82CA-6AF945E97941}.Debug|Any CPU.ActiveCfg = Debug|Any CPU
		{B51D2B32-B9C3-4B87-82CA-6AF945E97941}.Debug|Any CPU.Build.0 = Debug|Any CPU
		{B51D2B32-B9C3-4B87-82CA-6AF945E97941}.Release|Any CPU.ActiveCfg = Release|Any CPU
		{B51D2B32-B9C3-4B87-82CA-6AF945E97941}.Release|Any CPU.Build.0 = Release|Any CPU
		{D9A5646A-DD76-42D4-A554-B1C440C93C1D}.Debug|Any CPU.ActiveCfg = Debug|Any CPU
		{D9A5646A-DD76-42D4-A554-B1C440C93C1D}.Debug|Any CPU.Build.0 = Debug|Any CPU
		{D9A5646A-DD76-42D4-A554-B1C440C93C1D}.Release|Any CPU.ActiveCfg = Release|Any CPU
		{D9A5646A-DD76-42D4-A554-B1C440C93C1D}.Release|Any CPU.Build.0 = Release|Any CPU
	EndGlobalSection
	GlobalSection(SolutionProperties) = preSolution
		HideSolutionNode = FALSE
	EndGlobalSection
	GlobalSection(NestedProjects) = preSolution
		{B51D2B32-B9C3-4B87-82CA-6AF945E97941} = {47881CB6-96FF-4423-B23D-9E010F35977C}
		{D9A5646A-DD76-42D4-A554-B1C440C93C1D} = {47881CB6-96FF-4423-B23D-9E010F35977C}
	EndGlobalSection
	GlobalSection(ExtensibilityGlobals) = postSolution
		SolutionGuid = {05465A90-C933-4211-8178-DD93E2F09347}
	EndGlobalSection
EndGlobal
